
Microsoft Visual Studio Solution File, Format Version 12.00
# Visual Studio Version 16
VisualStudioVersion = 16.0.29306.81
MinimumVisualStudioVersion = 10.0.40219.1
Project("{FAE04EC0-301F-11D3-BF4B-00C04F79EFBC}") = "FitkutuComingSoon", "FitkutuComingSoon\FitkutuComingSoon.csproj", "{ADFC58D6-DE7F-4673-AC64-3FA50C357D58}"
EndProject
Project("{FAE04EC0-301F-11D3-BF4B-00C04F79EFBC}") = "MailLib", "MailLib\MailLib.csproj", "{7A7C7643-075D-4BA1-B31E-C4CDD8A1C914}"
EndProject
Global
	GlobalSection(SolutionConfigurationPlatforms) = preSolution
		Debug|Any CPU = Debug|Any CPU
		Release|Any CPU = Release|Any CPU
	EndGlobalSection
	GlobalSection(ProjectConfigurationPlatforms) = postSolution
		{ADFC58D6-DE7F-4673-AC64-3FA50C357D58}.Debug|Any CPU.ActiveCfg = Debug|Any CPU
		{ADFC58D6-DE7F-4673-AC64-3FA50C357D58}.Debug|Any CPU.Build.0 = Debug|Any CPU
		{ADFC58D6-DE7F-4673-AC64-3FA50C357D58}.Release|Any CPU.ActiveCfg = Release|Any CPU
		{ADFC58D6-DE7F-4673-AC64-3FA50C357D58}.Release|Any CPU.Build.0 = Release|Any CPU
		{7A7C7643-075D-4BA1-B31E-C4CDD8A1C914}.Debug|Any CPU.ActiveCfg = Debug|Any CPU
		{7A7C7643-075D-4BA1-B31E-C4CDD8A1C914}.Debug|Any CPU.Build.0 = Debug|Any CPU
		{7A7C7643-075D-4BA1-B31E-C4CDD8A1C914}.Release|Any CPU.ActiveCfg = Release|Any CPU
		{7A7C7643-075D-4BA1-B31E-C4CDD8A1C914}.Release|Any CPU.Build.0 = Release|Any CPU
	EndGlobalSection
	GlobalSection(SolutionProperties) = preSolution
		HideSolutionNode = FALSE
	EndGlobalSection
	GlobalSection(ExtensibilityGlobals) = postSolution
		SolutionGuid = {56450AAA-8FB2-4F61-B875-0211127574A0}
	EndGlobalSection
EndGlobal
